
Microsoft Visual Studio Solution File, Format Version 12.00
# Visual Studio Version 17
VisualStudioVersion = 17.14.36327.8 d17.14
MinimumVisualStudioVersion = 10.0.40219.1
Project("{FAE04EC0-301F-11D3-BF4B-00C04F79EFBC}") = "P_Parking_App", "P_Parking_App.csproj", "{7CBB2A82-05D4-4E20-B2A0-EEAF450BE871}"
EndProject
Global
	GlobalSection(SolutionConfigurationPlatforms) = preSolution
		Debug|Any CPU = Debug|Any CPU
		Release|Any CPU = Release|Any CPU
	EndGlobalSection
	GlobalSection(ProjectConfigurationPlatforms) = postSolution
		{7CBB2A82-05D4-4E20-B2A0-EEAF450BE871}.Debug|Any CPU.ActiveCfg = Debug|Any CPU
		{7CBB2A82-05D4-4E20-B2A0-EEAF450BE871}.Debug|Any CPU.Build.0 = Debug|Any CPU
		{7CBB2A82-05D4-4E20-B2A0-EEAF450BE871}.Release|Any CPU.ActiveCfg = Release|Any CPU
		{7CBB2A82-05D4-4E20-B2A0-EEAF450BE871}.Release|Any CPU.Build.0 = Release|Any CPU
	EndGlobalSection
	GlobalSection(SolutionProperties) = preSolution
		HideSolutionNode = FALSE
	EndGlobalSection
	GlobalSection(ExtensibilityGlobals) = postSolution
		SolutionGuid = {360805A0-9998-47E4-A90D-FB16213E0098}
	EndGlobalSection
EndGlobal
